
Microsoft Visual Studio Solution File, Format Version 12.00
# Visual Studio 15
VisualStudioVersion = 15.0.28307.271
MinimumVisualStudioVersion = 10.0.40219.1
Project("{9A19103F-16F7-4668-BE54-9A1E7A4F7556}") = "Cox Automotive", "Cox Automotive\Cox Automotive.csproj", "{615BF23D-1537-4B10-8EB3-AB392E2B3339}"
EndProject
Project("{FAE04EC0-301F-11D3-BF4B-00C04F79EFBC}") = "Cox_Automotive_Test", "Cox_Automotive_Test\Cox_Automotive_Test.csproj", "{1EB02928-AF49-47E1-BB15-CADFBD7A659C}"
EndProject
Global
	GlobalSection(SolutionConfigurationPlatforms) = preSolution
		Debug|Any CPU = Debug|Any CPU
		Release|Any CPU = Release|Any CPU
	EndGlobalSection
	GlobalSection(ProjectConfigurationPlatforms) = postSolution
		{615BF23D-1537-4B10-8EB3-AB392E2B3339}.Debug|Any CPU.ActiveCfg = Debug|Any CPU
		{615BF23D-1537-4B10-8EB3-AB392E2B3339}.Debug|Any CPU.Build.0 = Debug|Any CPU
		{615BF23D-1537-4B10-8EB3-AB392E2B3339}.Release|Any CPU.ActiveCfg = Release|Any CPU
		{615BF23D-1537-4B10-8EB3-AB392E2B3339}.Release|Any CPU.Build.0 = Release|Any CPU
		{1EB02928-AF49-47E1-BB15-CADFBD7A659C}.Debug|Any CPU.ActiveCfg = Debug|Any CPU
		{1EB02928-AF49-47E1-BB15-CADFBD7A659C}.Debug|Any CPU.Build.0 = Debug|Any CPU
		{1EB02928-AF49-47E1-BB15-CADFBD7A659C}.Release|Any CPU.ActiveCfg = Release|Any CPU
		{1EB02928-AF49-47E1-BB15-CADFBD7A659C}.Release|Any CPU.Build.0 = Release|Any CPU
	EndGlobalSection
	GlobalSection(SolutionProperties) = preSolution
		HideSolutionNode = FALSE
	EndGlobalSection
	GlobalSection(ExtensibilityGlobals) = postSolution
		SolutionGuid = {D7F4AAFC-FEB2-4E87-AD6B-367C4DFB8BA6}
	EndGlobalSection
EndGlobal
